
Microsoft Visual Studio Solution File, Format Version 12.00
# Visual Studio 15
VisualStudioVersion = 15.0.28307.852
MinimumVisualStudioVersion = 10.0.40219.1
Project("{FAE04EC0-301F-11D3-BF4B-00C04F79EFBC}") = "WebScraper", "WebScraper.csproj", "{33032C2F-43FB-4938-843D-6669A3969983}"
EndProject
Global
	GlobalSection(SolutionConfigurationPlatforms) = preSolution
		Debug|Any CPU = Debug|Any CPU
		Release|Any CPU = Release|Any CPU
	EndGlobalSection
	GlobalSection(ProjectConfigurationPlatforms) = postSolution
		{33032C2F-43FB-4938-843D-6669A3969983}.Debug|Any CPU.ActiveCfg = Debug|Any CPU
		{33032C2F-43FB-4938-843D-6669A3969983}.Debug|Any CPU.Build.0 = Debug|Any CPU
		{33032C2F-43FB-4938-843D-6669A3969983}.Release|Any CPU.ActiveCfg = Release|Any CPU
		{33032C2F-43FB-4938-843D-6669A3969983}.Release|Any CPU.Build.0 = Release|Any CPU
	EndGlobalSection
	GlobalSection(SolutionProperties) = preSolution
		HideSolutionNode = FALSE
	EndGlobalSection
	GlobalSection(ExtensibilityGlobals) = postSolution
		SolutionGuid = {DCC2DAC3-E968-430B-941E-D8D742D33F0B}
	EndGlobalSection
EndGlobal
